
Microsoft Visual Studio Solution File, Format Version 12.00
# Visual Studio Version 17
VisualStudioVersion = 17.9.34723.18
MinimumVisualStudioVersion = 10.0.40219.1
Project("{FAE04EC0-301F-11D3-BF4B-00C04F79EFBC}") = "StudySpehere_Exam", "StudySpehere_Exam.csproj", "{6A14CCEC-A806-4721-99D6-AF574E6ACF2A}"
EndProject
Global
	GlobalSection(SolutionConfigurationPlatforms) = preSolution
		Debug|Any CPU = Debug|Any CPU
		Release|Any CPU = Release|Any CPU
	EndGlobalSection
	GlobalSection(ProjectConfigurationPlatforms) = postSolution
		{6A14CCEC-A806-4721-99D6-AF574E6ACF2A}.Debug|Any CPU.ActiveCfg = Debug|Any CPU
		{6A14CCEC-A806-4721-99D6-AF574E6ACF2A}.Debug|Any CPU.Build.0 = Debug|Any CPU
		{6A14CCEC-A806-4721-99D6-AF574E6ACF2A}.Release|Any CPU.ActiveCfg = Release|Any CPU
		{6A14CCEC-A806-4721-99D6-AF574E6ACF2A}.Release|Any CPU.Build.0 = Release|Any CPU
	EndGlobalSection
	GlobalSection(SolutionProperties) = preSolution
		HideSolutionNode = FALSE
	EndGlobalSection
	GlobalSection(ExtensibilityGlobals) = postSolution
		SolutionGuid = {33562E7E-5772-4F3D-B775-26A15F1EEB79}
	EndGlobalSection
EndGlobal
